
Microsoft Visual Studio Solution File, Format Version 12.00
# Visual Studio Version 16
VisualStudioVersion = 16.0.31727.386
MinimumVisualStudioVersion = 10.0.40219.1
Project("{FAE04EC0-301F-11D3-BF4B-00C04F79EFBC}") = "Restaurant.Web", "Restaurant.Web\Restaurant.Web.csproj", "{3986915E-CD22-4A11-8D7F-C6EEC3292657}"
EndProject
Project("{FAE04EC0-301F-11D3-BF4B-00C04F79EFBC}") = "BusinessLogic", "BusinessLogic\BusinessLogic.csproj", "{330A57C3-F5EF-4703-96F7-4AD70ADA2B78}"
EndProject
Project("{FAE04EC0-301F-11D3-BF4B-00C04F79EFBC}") = "BusinessObjects", "BusinessObjects\BusinessObjects.csproj", "{44A98829-EEAC-4093-88DD-C33D40C58162}"
EndProject
Project("{FAE04EC0-301F-11D3-BF4B-00C04F79EFBC}") = "DataAccess", "DataAccess\DataAccess.csproj", "{28ABDDDE-780A-4317-835C-6928B3EE62E6}"
EndProject
Project("{FAE04EC0-301F-11D3-BF4B-00C04F79EFBC}") = "WebAPI", "WebAPI\WebAPI.csproj", "{423C1F5E-EB42-4F21-95AC-83B8CB4FA3A6}"
EndProject
Project("{FAE04EC0-301F-11D3-BF4B-00C04F79EFBC}") = "Restaurant.UnitTest", "Restaurant.UnitTest\Restaurant.UnitTest.csproj", "{B330CBDC-BA23-40A7-A48C-AB125508A161}"
EndProject
Global
	GlobalSection(SolutionConfigurationPlatforms) = preSolution
		Debug|Any CPU = Debug|Any CPU
		Release|Any CPU = Release|Any CPU
	EndGlobalSection
	GlobalSection(ProjectConfigurationPlatforms) = postSolution
		{3986915E-CD22-4A11-8D7F-C6EEC3292657}.Debug|Any CPU.ActiveCfg = Debug|Any CPU
		{3986915E-CD22-4A11-8D7F-C6EEC3292657}.Debug|Any CPU.Build.0 = Debug|Any CPU
		{3986915E-CD22-4A11-8D7F-C6EEC3292657}.Release|Any CPU.ActiveCfg = Release|Any CPU
		{3986915E-CD22-4A11-8D7F-C6EEC3292657}.Release|Any CPU.Build.0 = Release|Any CPU
		{330A57C3-F5EF-4703-96F7-4AD70ADA2B78}.Debug|Any CPU.ActiveCfg = Debug|Any CPU
		{330A57C3-F5EF-4703-96F7-4AD70ADA2B78}.Debug|Any CPU.Build.0 = Debug|Any CPU
		{330A57C3-F5EF-4703-96F7-4AD70ADA2B78}.Release|Any CPU.ActiveCfg = Release|Any CPU
		{330A57C3-F5EF-4703-96F7-4AD70ADA2B78}.Release|Any CPU.Build.0 = Release|Any CPU
		{44A98829-EEAC-4093-88DD-C33D40C58162}.Debug|Any CPU.ActiveCfg = Debug|Any CPU
		{44A98829-EEAC-4093-88DD-C33D40C58162}.Debug|Any CPU.Build.0 = Debug|Any CPU
		{44A98829-EEAC-4093-88DD-C33D40C58162}.Release|Any CPU.ActiveCfg = Release|Any CPU
		{44A98829-EEAC-4093-88DD-C33D40C58162}.Release|Any CPU.Build.0 = Release|Any CPU
		{28ABDDDE-780A-4317-835C-6928B3EE62E6}.Debug|Any CPU.ActiveCfg = Debug|Any CPU
		{28ABDDDE-780A-4317-835C-6928B3EE62E6}.Debug|Any CPU.Build.0 = Debug|Any CPU
		{28ABDDDE-780A-4317-835C-6928B3EE62E6}.Release|Any CPU.ActiveCfg = Release|Any CPU
		{28ABDDDE-780A-4317-835C-6928B3EE62E6}.Release|Any CPU.Build.0 = Release|Any CPU
		{423C1F5E-EB42-4F21-95AC-83B8CB4FA3A6}.Debug|Any CPU.ActiveCfg = Debug|Any CPU
		{423C1F5E-EB42-4F21-95AC-83B8CB4FA3A6}.Debug|Any CPU.Build.0 = Debug|Any CPU
		{423C1F5E-EB42-4F21-95AC-83B8CB4FA3A6}.Release|Any CPU.ActiveCfg = Release|Any CPU
		{423C1F5E-EB42-4F21-95AC-83B8CB4FA3A6}.Release|Any CPU.Build.0 = Release|Any CPU
		{B330CBDC-BA23-40A7-A48C-AB125508A161}.Debug|Any CPU.ActiveCfg = Debug|Any CPU
		{B330CBDC-BA23-40A7-A48C-AB125508A161}.Debug|Any CPU.Build.0 = Debug|Any CPU
		{B330CBDC-BA23-40A7-A48C-AB125508A161}.Release|Any CPU.ActiveCfg = Release|Any CPU
		{B330CBDC-BA23-40A7-A48C-AB125508A161}.Release|Any CPU.Build.0 = Release|Any CPU
	EndGlobalSection
	GlobalSection(SolutionProperties) = preSolution
		HideSolutionNode = FALSE
	EndGlobalSection
	GlobalSection(ExtensibilityGlobals) = postSolution
		SolutionGuid = {2166A943-F3D6-4D3C-9BD9-DD82958BF3F2}
	EndGlobalSection
EndGlobal
